Microsoft Visual Studio Solution File, Format Version 11.00
# Visual Studio 2008

Project("{AFF9D461-9BC2-971F-940B-092EE9FE1B63}") = "Sprint 1", "Assembly-CSharp.csproj", "{2BB7C543-7266-2DF7-68C2-E24DA69D6D7A}"
EndProject
Global
	GlobalSection(SolutionConfigurationPlatforms) = preSolution
		Debug|Any CPU = Debug|Any CPU
		Release|Any CPU = Release|Any CPU
	EndGlobalSection
	GlobalSection(ProjectConfigurationPlatforms) = postSolution
		{2BB7C543-7266-2DF7-68C2-E24DA69D6D7A}.Debug|Any CPU.ActiveCfg = Debug|Any CPU
		{2BB7C543-7266-2DF7-68C2-E24DA69D6D7A}.Debug|Any CPU.Build.0 = Debug|Any CPU
		{2BB7C543-7266-2DF7-68C2-E24DA69D6D7A}.Release|Any CPU.ActiveCfg = Release|Any CPU
		{2BB7C543-7266-2DF7-68C2-E24DA69D6D7A}.Release|Any CPU.Build.0 = Release|Any CPU
	EndGlobalSection
	GlobalSection(SolutionProperties) = preSolution
		HideSolutionNode = FALSE
	EndGlobalSection
	GlobalSection(MonoDevelopProperties) = preSolution
		StartupItem = Assembly-CSharp.csproj
	EndGlobalSection
EndGlobal
